
Microsoft Visual Studio Solution File, Format Version 12.00
# Visual Studio Version 17
VisualStudioVersion = 17.3.32922.545
MinimumVisualStudioVersion = 10.0.40219.1
Project("{2150E333-8FDC-42A3-9474-1A3956D46DE8}") = "src", "src", "{C1605170-867C-464C-962B-E072156D634E}"
EndProject
Project("{2150E333-8FDC-42A3-9474-1A3956D46DE8}") = "docs", "docs", "{7CE1EE15-AEAF-4697-BF7B-977ACAEE8F1E}"
	ProjectSection(SolutionItems) = preProject
		docs\AlmatyPollution.txt = docs\AlmatyPollution.txt
	EndProjectSection
EndProject
Project("{2150E333-8FDC-42A3-9474-1A3956D46DE8}") = "tests", "tests", "{5F0E3EA3-B0EB-4685-951A-CAFA29961304}"
EndProject
Project("{2150E333-8FDC-42A3-9474-1A3956D46DE8}") = "Common", "Common", "{E9350196-710A-49D7-83F8-D50E7C70EB46}"
EndProject
Project("{2150E333-8FDC-42A3-9474-1A3956D46DE8}") = "Infrastructure", "Infrastructure", "{A49EB87D-4ECC-4EE1-9E0C-09FCBB386D11}"
EndProject
Project("{2150E333-8FDC-42A3-9474-1A3956D46DE8}") = "Client", "Client", "{81CDA0CE-BB67-4D62-B050-DE8D8F2CDA9B}"
EndProject
Project("{2150E333-8FDC-42A3-9474-1A3956D46DE8}") = "Server", "Server", "{EC8FDAF7-158B-4791-B4C1-92E69339AD5A}"
EndProject
Project("{2150E333-8FDC-42A3-9474-1A3956D46DE8}") = "Services", "Services", "{CAE7D6E1-74F1-4B09-A139-DE3DBFD3FC33}"
EndProject
Project("{9A19103F-16F7-4668-BE54-9A1E7A4F7556}") = "SmartEco.Common", "src\Common\SmartEco.Common\SmartEco.Common.csproj", "{2564A07F-5005-4E19-A973-40D3C11008A2}"
EndProject
Project("{9A19103F-16F7-4668-BE54-9A1E7A4F7556}") = "SmartEco.Web", "src\Infrastructure\Client\SmartEco.Web\SmartEco.Web.csproj", "{90DF0725-A349-4B0A-9240-5BA5864AB52D}"
EndProject
Project("{9A19103F-16F7-4668-BE54-9A1E7A4F7556}") = "SmartEco", "src\Infrastructure\Client\SmartEco\SmartEco.csproj", "{79DE0633-610A-44FA-B471-B084FB3A2357}"
EndProject
Project("{9A19103F-16F7-4668-BE54-9A1E7A4F7556}") = "SmartEcoAPI", "src\Infrastructure\Server\SmartEcoAPI\SmartEcoAPI.csproj", "{2EEAA556-2D4B-4439-A373-785FC9791CA9}"
EndProject
Project("{9A19103F-16F7-4668-BE54-9A1E7A4F7556}") = "SmartEco.API", "src\Infrastructure\Server\SmartEco.API\SmartEco.API.csproj", "{4A1A51EE-E11F-4398-B5EA-BAEB05ABC0D6}"
EndProject
Project("{9A19103F-16F7-4668-BE54-9A1E7A4F7556}") = "GetPollutersData", "src\Infrastructure\Services\GetPollutersData\GetPollutersData.csproj", "{BB77E047-E8B5-4340-813D-886F393A2B91}"
EndProject
Project("{9A19103F-16F7-4668-BE54-9A1E7A4F7556}") = "GetPostsData", "src\Infrastructure\Services\GetPostsData\GetPostsData.csproj", "{30BA882F-6090-4D98-8A64-F31C2B0D6ADA}"
EndProject
Project("{9A19103F-16F7-4668-BE54-9A1E7A4F7556}") = "Kazhydromet", "src\Infrastructure\Services\Kazhydromet\Kazhydromet.csproj", "{6E9546FF-E940-4BD3-931D-F872BBD5276A}"
EndProject
Project("{9A19103F-16F7-4668-BE54-9A1E7A4F7556}") = "LayersCreator", "src\Infrastructure\Services\LayersCreator\LayersCreator.csproj", "{3B213490-8AFA-438A-9798-D816FEB7A363}"
EndProject
Project("{9A19103F-16F7-4668-BE54-9A1E7A4F7556}") = "TCPListener", "src\Infrastructure\Services\TCPListener\TCPListener.csproj", "{5B3B1561-D051-4721-B819-8E4769A7071F}"
EndProject
Global
	GlobalSection(SolutionConfigurationPlatforms) = preSolution
		Debug|Any CPU = Debug|Any CPU
		Release|Any CPU = Release|Any CPU
	EndGlobalSection
	GlobalSection(ProjectConfigurationPlatforms) = postSolution
		{2564A07F-5005-4E19-A973-40D3C11008A2}.Debug|Any CPU.ActiveCfg = Debug|Any CPU
		{2564A07F-5005-4E19-A973-40D3C11008A2}.Debug|Any CPU.Build.0 = Debug|Any CPU
		{2564A07F-5005-4E19-A973-40D3C11008A2}.Release|Any CPU.ActiveCfg = Release|Any CPU
		{2564A07F-5005-4E19-A973-40D3C11008A2}.Release|Any CPU.Build.0 = Release|Any CPU
		{90DF0725-A349-4B0A-9240-5BA5864AB52D}.Debug|Any CPU.ActiveCfg = Debug|Any CPU
		{90DF0725-A349-4B0A-9240-5BA5864AB52D}.Debug|Any CPU.Build.0 = Debug|Any CPU
		{90DF0725-A349-4B0A-9240-5BA5864AB52D}.Release|Any CPU.ActiveCfg = Release|Any CPU
		{90DF0725-A349-4B0A-9240-5BA5864AB52D}.Release|Any CPU.Build.0 = Release|Any CPU
		{79DE0633-610A-44FA-B471-B084FB3A2357}.Debug|Any CPU.ActiveCfg = Debug|Any CPU
		{79DE0633-610A-44FA-B471-B084FB3A2357}.Debug|Any CPU.Build.0 = Debug|Any CPU
		{79DE0633-610A-44FA-B471-B084FB3A2357}.Release|Any CPU.ActiveCfg = Release|Any CPU
		{79DE0633-610A-44FA-B471-B084FB3A2357}.Release|Any CPU.Build.0 = Release|Any CPU
		{2EEAA556-2D4B-4439-A373-785FC9791CA9}.Debug|Any CPU.ActiveCfg = Debug|Any CPU
		{2EEAA556-2D4B-4439-A373-785FC9791CA9}.Debug|Any CPU.Build.0 = Debug|Any CPU
		{2EEAA556-2D4B-4439-A373-785FC9791CA9}.Release|Any CPU.ActiveCfg = Release|Any CPU
		{2EEAA556-2D4B-4439-A373-785FC9791CA9}.Release|Any CPU.Build.0 = Release|Any CPU
		{4A1A51EE-E11F-4398-B5EA-BAEB05ABC0D6}.Debug|Any CPU.ActiveCfg = Debug|Any CPU
		{4A1A51EE-E11F-4398-B5EA-BAEB05ABC0D6}.Debug|Any CPU.Build.0 = Debug|Any CPU
		{4A1A51EE-E11F-4398-B5EA-BAEB05ABC0D6}.Release|Any CPU.ActiveCfg = Release|Any CPU
		{4A1A51EE-E11F-4398-B5EA-BAEB05ABC0D6}.Release|Any CPU.Build.0 = Release|Any CPU
		{BB77E047-E8B5-4340-813D-886F393A2B91}.Debug|Any CPU.ActiveCfg = Debug|Any CPU
		{BB77E047-E8B5-4340-813D-886F393A2B91}.Debug|Any CPU.Build.0 = Debug|Any CPU
		{BB77E047-E8B5-4340-813D-886F393A2B91}.Release|Any CPU.ActiveCfg = Release|Any CPU
		{BB77E047-E8B5-4340-813D-886F393A2B91}.Release|Any CPU.Build.0 = Release|Any CPU
		{30BA882F-6090-4D98-8A64-F31C2B0D6ADA}.Debug|Any CPU.ActiveCfg = Debug|Any CPU
		{30BA882F-6090-4D98-8A64-F31C2B0D6ADA}.Debug|Any CPU.Build.0 = Debug|Any CPU
		{30BA882F-6090-4D98-8A64-F31C2B0D6ADA}.Release|Any CPU.ActiveCfg = Release|Any CPU
		{30BA882F-6090-4D98-8A64-F31C2B0D6ADA}.Release|Any CPU.Build.0 = Release|Any CPU
		{6E9546FF-E940-4BD3-931D-F872BBD5276A}.Debug|Any CPU.ActiveCfg = Debug|Any CPU
		{6E9546FF-E940-4BD3-931D-F872BBD5276A}.Debug|Any CPU.Build.0 = Debug|Any CPU
		{6E9546FF-E940-4BD3-931D-F872BBD5276A}.Release|Any CPU.ActiveCfg = Release|Any CPU
		{6E9546FF-E940-4BD3-931D-F872BBD5276A}.Release|Any CPU.Build.0 = Release|Any CPU
		{3B213490-8AFA-438A-9798-D816FEB7A363}.Debug|Any CPU.ActiveCfg = Debug|Any CPU
		{3B213490-8AFA-438A-9798-D816FEB7A363}.Debug|Any CPU.Build.0 = Debug|Any CPU
		{3B213490-8AFA-438A-9798-D816FEB7A363}.Release|Any CPU.ActiveCfg = Release|Any CPU
		{3B213490-8AFA-438A-9798-D816FEB7A363}.Release|Any CPU.Build.0 = Release|Any CPU
		{5B3B1561-D051-4721-B819-8E4769A7071F}.Debug|Any CPU.ActiveCfg = Debug|Any CPU
		{5B3B1561-D051-4721-B819-8E4769A7071F}.Debug|Any CPU.Build.0 = Debug|Any CPU
		{5B3B1561-D051-4721-B819-8E4769A7071F}.Release|Any CPU.ActiveCfg = Release|Any CPU
		{5B3B1561-D051-4721-B819-8E4769A7071F}.Release|Any CPU.Build.0 = Release|Any CPU
	EndGlobalSection
	GlobalSection(SolutionProperties) = preSolution
		HideSolutionNode = FALSE
	EndGlobalSection
	GlobalSection(NestedProjects) = preSolution
		{E9350196-710A-49D7-83F8-D50E7C70EB46} = {C1605170-867C-464C-962B-E072156D634E}
		{A49EB87D-4ECC-4EE1-9E0C-09FCBB386D11} = {C1605170-867C-464C-962B-E072156D634E}
		{81CDA0CE-BB67-4D62-B050-DE8D8F2CDA9B} = {A49EB87D-4ECC-4EE1-9E0C-09FCBB386D11}
		{EC8FDAF7-158B-4791-B4C1-92E69339AD5A} = {A49EB87D-4ECC-4EE1-9E0C-09FCBB386D11}
		{CAE7D6E1-74F1-4B09-A139-DE3DBFD3FC33} = {A49EB87D-4ECC-4EE1-9E0C-09FCBB386D11}
		{2564A07F-5005-4E19-A973-40D3C11008A2} = {E9350196-710A-49D7-83F8-D50E7C70EB46}
		{90DF0725-A349-4B0A-9240-5BA5864AB52D} = {81CDA0CE-BB67-4D62-B050-DE8D8F2CDA9B}
		{79DE0633-610A-44FA-B471-B084FB3A2357} = {81CDA0CE-BB67-4D62-B050-DE8D8F2CDA9B}
		{2EEAA556-2D4B-4439-A373-785FC9791CA9} = {EC8FDAF7-158B-4791-B4C1-92E69339AD5A}
		{4A1A51EE-E11F-4398-B5EA-BAEB05ABC0D6} = {EC8FDAF7-158B-4791-B4C1-92E69339AD5A}
		{BB77E047-E8B5-4340-813D-886F393A2B91} = {CAE7D6E1-74F1-4B09-A139-DE3DBFD3FC33}
		{30BA882F-6090-4D98-8A64-F31C2B0D6ADA} = {CAE7D6E1-74F1-4B09-A139-DE3DBFD3FC33}
		{6E9546FF-E940-4BD3-931D-F872BBD5276A} = {CAE7D6E1-74F1-4B09-A139-DE3DBFD3FC33}
		{3B213490-8AFA-438A-9798-D816FEB7A363} = {CAE7D6E1-74F1-4B09-A139-DE3DBFD3FC33}
		{5B3B1561-D051-4721-B819-8E4769A7071F} = {CAE7D6E1-74F1-4B09-A139-DE3DBFD3FC33}
	EndGlobalSection
	GlobalSection(ExtensibilityGlobals) = postSolution
		SolutionGuid = {726BEB27-F4C8-43AD-8112-7A9DCB2D6D0F}
	EndGlobalSection
EndGlobal
